
Microsoft Visual Studio Solution File, Format Version 12.00
# Visual Studio Version 16
VisualStudioVersion = 25.0.1704.2
MinimumVisualStudioVersion = 10.0.40219.1
Project("{FAE04EC0-301F-11D3-BF4B-00C04F79EFBC}") = "ShoppingCart", "ShoppingCart\ShoppingCart.csproj", "{F9B1120E-9660-44C2-BC59-6C3241071E9C}"
EndProject
Project("{2150E333-8FDC-42A3-9474-1A3956D46DE8}") = "Solution Items", "Solution Items", "{0615DB2E-6658-4B3F-8D9F-8CC1927C99D3}"
EndProject
Global
	GlobalSection(SolutionConfigurationPlatforms) = preSolution
		Debug|Any CPU = Debug|Any CPU
		Release|Any CPU = Release|Any CPU
	EndGlobalSection
	GlobalSection(ProjectConfigurationPlatforms) = postSolution
		{F9B1120E-9660-44C2-BC59-6C3241071E9C}.Debug|Any CPU.ActiveCfg = Debug|Any CPU
		{F9B1120E-9660-44C2-BC59-6C3241071E9C}.Debug|Any CPU.Build.0 = Debug|Any CPU
		{F9B1120E-9660-44C2-BC59-6C3241071E9C}.Release|Any CPU.ActiveCfg = Release|Any CPU
		{F9B1120E-9660-44C2-BC59-6C3241071E9C}.Release|Any CPU.Build.0 = Release|Any CPU
	EndGlobalSection
	GlobalSection(SolutionProperties) = preSolution
		HideSolutionNode = FALSE
	EndGlobalSection
	GlobalSection(ExtensibilityGlobals) = postSolution
		SolutionGuid = {345F4FC1-546A-4358-A398-6A9E78BD8244}
	EndGlobalSection
EndGlobal
